
Microsoft Visual Studio Solution File, Format Version 12.00
# Visual Studio Version 17
VisualStudioVersion = 17.8.34309.116
MinimumVisualStudioVersion = 10.0.40219.1
Project("{FAE04EC0-301F-11D3-BF4B-00C04F79EFBC}") = "Study2", "Study2.csproj", "{0170507F-6B05-4139-A839-D5A85140C1CE}"
EndProject
Global
	GlobalSection(SolutionConfigurationPlatforms) = preSolution
		Debug|Any CPU = Debug|Any CPU
		Release|Any CPU = Release|Any CPU
	EndGlobalSection
	GlobalSection(ProjectConfigurationPlatforms) = postSolution
		{0170507F-6B05-4139-A839-D5A85140C1CE}.Debug|Any CPU.ActiveCfg = Debug|Any CPU
		{0170507F-6B05-4139-A839-D5A85140C1CE}.Debug|Any CPU.Build.0 = Debug|Any CPU
		{0170507F-6B05-4139-A839-D5A85140C1CE}.Release|Any CPU.ActiveCfg = Release|Any CPU
		{0170507F-6B05-4139-A839-D5A85140C1CE}.Release|Any CPU.Build.0 = Release|Any CPU
	EndGlobalSection
	GlobalSection(SolutionProperties) = preSolution
		HideSolutionNode = FALSE
	EndGlobalSection
	GlobalSection(ExtensibilityGlobals) = postSolution
		SolutionGuid = {1E698522-C624-4EF0-BCE4-201F80217D46}
	EndGlobalSection
EndGlobal
